// !$*UTF8*$!
{
	archiveVersion = 1;
	classes = {
	};
	objectVersion = 56;
	objects = {

/* Begin PBXBuildFile section */
		523A32A22946078A0053D656 /* thank_you_pageApp.swift in Sources */ = {isa = PBXBuildFile; fileRef = 523A32A12946078A0053D656 /* thank_you_pageApp.swift */; };
		523A32A42946078A0053D656 /* ContentView.swift in Sources */ = {isa = PBXBuildFile; fileRef = 523A32A32946078A0053D656 /* ContentView.swift */; };
		523A32A62946078B0053D656 /* Assets.xcassets in Resources */ = {isa = PBXBuildFile; fileRef = 523A32A52946078B0053D656 /* Assets.xcassets */; };
		523A32A92946078B0053D656 /* Preview Assets.xcassets in Resources */ = {isa = PBXBuildFile; fileRef = 523A32A82946078B0053D656 /* Preview Assets.xcassets */; };
		523A32B32946078B0053D656 /* thank_you_pageTests.swift in Sources */ = {isa = PBXBuildFile; fileRef = 523A32B22946078B0053D656 /* thank_you_pageTests.swift */; };
		523A32BD2946078B0053D656 /* thank_you_pageUITests.swift in Sources */ = {isa = PBXBuildFile; fileRef = 523A32BC2946078B0053D656 /* thank_you_pageUITests.swift */; };
		523A32BF2946078B0053D656 /* thank_you_pageUITestsLaunchTests.swift in Sources */ = {isa = PBXBuildFile; fileRef = 523A32BE2946078B0053D656 /* thank_you_pageUITestsLaunchTests.swift */; };
		523A32CC2947497F0053D656 /* DD.swift in Sources */ = {isa = PBXBuildFile; fileRef = 523A32CB2947497F0053D656 /* DD.swift */; };
/* End PBXBuildFile section */

/* Begin PBXContainerItemProxy section */
		523A32AF2946078B0053D656 /* PBXContainerItemProxy */ = {
			isa = PBXContainerItemProxy;
			containerPortal = 523A32962946078A0053D656 /* Project object */;
			proxyType = 1;
			remoteGlobalIDString = 523A329D2946078A0053D656;
			remoteInfo = "thank you page";
		};
		523A32B92946078B0053D656 /* PBXContainerItemProxy */ = {
			isa = PBXContainerItemProxy;
			containerPortal = 523A32962946078A0053D656 /* Project object */;
			proxyType = 1;
			remoteGlobalIDString = 523A329D2946078A0053D656;
			remoteInfo = "thank you page";
		};
/* End PBXContainerItemProxy section */

/* Begin PBXFileReference section */
		523A329E2946078A0053D656 /* thank you page.app */ = {isa = PBXFileReference; explicitFileType = wrapper.application; includeInIndex = 0; path = "thank you page.app"; sourceTree = BUILT_PRODUCTS_DIR; };
		523A32A12946078A0053D656 /* thank_you_pageApp.swift */ = {isa = PBXFileReference; lastKnownFileType = sourcecode.swift; path = thank_you_pageApp.swift; sourceTree = "<group>"; };
		523A32A32946078A0053D656 /* ContentView.swift */ = {isa = PBXFileReference; lastKnownFileType = sourcecode.swift; path = ContentView.swift; sourceTree = "<group>"; };
		523A32A52946078B0053D656 /* Assets.xcassets */ = {isa = PBXFileReference; lastKnownFileType = folder.assetcatalog; path = Assets.xcassets; sourceTree = "<group>"; };
		523A32A82946078B0053D656 /* Preview Assets.xcassets */ = {isa = PBXFileReference; lastKnownFileType = folder.assetcatalog; path = "Preview Assets.xcassets"; sourceTree = "<group>"; };
		523A32AE2946078B0053D656 /* thank you pageTests.xctest */ = {isa = PBXFileReference; explicitFileType = wrapper.cfbundle; includeInIndex = 0; path = "thank you pageTests.xctest"; sourceTree = BUILT_PRODUCTS_DIR; };
		523A32B22946078B0053D656 /* thank_you_pageTests.swift */ = {isa = PBXFileReference; lastKnownFileType = sourcecode.swift; path = thank_you_pageTests.swift; sourceTree = "<group>"; };
		523A32B82946078B0053D656 /* thank you pageUITests.xctest */ = {isa = PBXFileReference; explicitFileType = wrapper.cfbundle; includeInIndex = 0; path = "thank you pageUITests.xctest"; sourceTree = BUILT_PRODUCTS_DIR; };
		523A32BC2946078B0053D656 /* thank_you_pageUITests.swift */ = {isa = PBXFileReference; lastKnownFileType = sourcecode.swift; path = thank_you_pageUITests.swift; sourceTree = "<group>"; };
		523A32BE2946078B0053D656 /* thank_you_pageUITestsLaunchTests.swift */ = {isa = PBXFileReference; lastKnownFileType = sourcecode.swift; path = thank_you_pageUITestsLaunchTests.swift; sourceTree = "<group>"; };
		523A32CB2947497F0053D656 /* DD.swift */ = {isa = PBXFileReference; lastKnownFileType = sourcecode.swift; path = DD.swift; sourceTree = "<group>"; };
/* End PBXFileReference section */

/* Begin PBXFrameworksBuildPhase section */
		523A329B2946078A0053D656 /* Frameworks */ = {
			isa = PBXFrameworksBuildPhase;
			buildActionMask = 2147483647;
			files = (
			);
			runOnlyForDeploymentPostprocessing = 0;
		};
		523A32AB2946078B0053D656 /* Frameworks */ = {
			isa = PBXFrameworksBuildPhase;
			buildActionMask = 2147483647;
			files = (
			);
			runOnlyForDeploymentPostprocessing = 0;
		};
		523A32B52946078B0053D656 /* Frameworks */ = {
			isa = PBXFrameworksBuildPhase;
			buildActionMask = 2147483647;
			files = (
			);
			runOnlyForDeploymentPostprocessing = 0;
		};
/* End PBXFrameworksBuildPhase section */

/* Begin PBXGroup section */
		523A32952946078A0053D656 = {
			isa = PBXGroup;
			children = (
				523A32A02946078A0053D656 /* thank you page */,
				523A32B12946078B0053D656 /* thank you pageTests */,
				523A32BB2946078B0053D656 /* thank you pageUITests */,
				523A329F2946078A0053D656 /* Products */,
			);
			sourceTree = "<group>";
		};
		523A329F2946078A0053D656 /* Products */ = {
			isa = PBXGroup;
			children = (
				523A329E2946078A0053D656 /* thank you page.app */,
				523A32AE2946078B0053D656 /* thank you pageTests.xctest */,
				523A32B82946078B0053D656 /* thank you pageUITests.xctest */,
			);
			name = Products;
			sourceTree = "<group>";
		};
		523A32A02946078A0053D656 /* thank you page */ = {
			isa = PBXGroup;
			children = (
				523A32A12946078A0053D656 /* thank_you_pageApp.swift */,
				523A32A32946078A0053D656 /* ContentView.swift */,
				523A32CB2947497F0053D656 /* DD.swift */,
				523A32A52946078B0053D656 /* Assets.xcassets */,
				523A32A72946078B0053D656 /* Preview Content */,
			);
			path = "thank you page";
			sourceTree = "<group>";
		};
		523A32A72946078B0053D656 /* Preview Content */ = {
			isa = PBXGroup;
			children = (
				523A32A82946078B0053D656 /* Preview Assets.xcassets */,
			);
			path = "Preview Content";
			sourceTree = "<group>";
		};
		523A32B12946078B0053D656 /* thank you pageTests */ = {
			isa = PBXGroup;
			children = (
				523A32B22946078B0053D656 /* thank_you_pageTests.swift */,
			);
			path = "thank you pageTests";
			sourceTree = "<group>";
		};
		523A32BB2946078B0053D656 /* thank you pageUITests */ = {
			isa = PBXGroup;
			children = (
				523A32BC2946078B0053D656 /* thank_you_pageUITests.swift */,
				523A32BE2946078B0053D656 /* thank_you_pageUITestsLaunchTests.swift */,
			);
			path = "thank you pageUITests";
			sourceTree = "<group>";
		};
/* End PBXGroup section */

/* Begin PBXNativeTarget section */
		523A329D2946078A0053D656 /* thank you page */ = {
			isa = PBXNativeTarget;
			buildConfigurationList = 523A32C22946078B0053D656 /* Build configuration list for PBXNativeTarget "thank you page" */;
			buildPhases = (
				523A329A2946078A0053D656 /* Sources */,
				523A329B2946078A0053D656 /* Frameworks */,
				523A329C2946078A0053D656 /* Resources */,
			);
			buildRules = (
			);
			dependencies = (
			);
			name = "thank you page";
			productName = "thank you page";
			productReference = 523A329E2946078A0053D656 /* thank you page.app */;
			productType = "com.apple.product-type.application";
		};
		523A32AD2946078B0053D656 /* thank you pageTests */ = {
			isa = PBXNativeTarget;
			buildConfigurationList = 523A32C52946078B0053D656 /* Build configuration list for PBXNativeTarget "thank you pageTests" */;
			buildPhases = (
				523A32AA2946078B0053D656 /* Sources */,
				523A32AB2946078B0053D656 /* Frameworks */,
				523A32AC2946078B0053D656 /* Resources */,
			);
			buildRules = (
			);
			dependencies = (
				523A32B02946078B0053D656 /* PBXTargetDependency */,
			);
			name = "thank you pageTests";
			productName = "thank you pageTests";
			productReference = 523A32AE2946078B0053D656 /* thank you pageTests.xctest */;
			productType = "com.apple.product-type.bundle.unit-test";
		};
		523A32B72946078B0053D656 /* thank you pageUITests */ = {
			isa = PBXNativeTarget;
			buildConfigurationList = 523A32C82946078B0053D656 /* Build configuration list for PBXNativeTarget "thank you pageUITests" */;
			buildPhases = (
				523A32B42946078B0053D656 /* Sources */,
				523A32B52946078B0053D656 /* Frameworks */,
				523A32B62946078B0053D656 /* Resources */,
			);
			buildRules = (
			);
			dependencies = (
				523A32BA2946078B0053D656 /* PBXTargetDependency */,
			);
			name = "thank you pageUITests";
			productName = "thank you pageUITests";
			productReference = 523A32B82946078B0053D656 /* thank you pageUITests.xctest */;
			productType = "com.apple.product-type.bundle.ui-testing";
		};
/* End PBXNativeTarget section */

/* Begin PBXProject section */
		523A32962946078A0053D656 /* Project object */ = {
			isa = PBXProject;
			attributes = {
				BuildIndependentTargetsInParallel = 1;
				LastSwiftUpdateCheck = 1410;
				LastUpgradeCheck = 1410;
				TargetAttributes = {
					523A329D2946078A0053D656 = {
						CreatedOnToolsVersion = 14.1;
					};
					523A32AD2946078B0053D656 = {
						CreatedOnToolsVersion = 14.1;
						TestTargetID = 523A329D2946078A0053D656;
					};
					523A32B72946078B0053D656 = {
						CreatedOnToolsVersion = 14.1;
						TestTargetID = 523A329D2946078A0053D656;
					};
				};
			};
			buildConfigurationList = 523A32992946078A0053D656 /* Build configuration list for PBXProject "thank you page" */;
			compatibilityVersion = "Xcode 14.0";
			developmentRegion = en;
			hasScannedForEncodings = 0;
			knownRegions = (
				en,
				Base,
			);
			mainGroup = 523A32952946078A0053D656;
			productRefGroup = 523A329F2946078A0053D656 /* Products */;
			projectDirPath = "";
			projectRoot = "";
			targets = (
				523A329D2946078A0053D656 /* thank you page */,
				523A32AD2946078B0053D656 /* thank you pageTests */,
				523A32B72946078B0053D656 /* thank you pageUITests */,
			);
		};
/* End PBXProject section */

/* Begin PBXResourcesBuildPhase section */
		523A329C2946078A0053D656 /* Resources */ = {
			isa = PBXResourcesBuildPhase;
			buildActionMask = 2147483647;
			files = (
				523A32A92946078B0053D656 /* Preview Assets.xcassets in Resources */,
				523A32A62946078B0053D656 /* Assets.xcassets in Resources */,
			);
			runOnlyForDeploymentPostprocessing = 0;
		};
		523A32AC2946078B0053D656 /* Resources */ = {
			isa = PBXResourcesBuildPhase;
			buildActionMask = 2147483647;
			files = (
			);
			runOnlyForDeploymentPostprocessing = 0;
		};
		523A32B62946078B0053D656 /* Resources */ = {
			isa = PBXResourcesBuildPhase;
			buildActionMask = 2147483647;
			files = (
			);
			runOnlyForDeploymentPostprocessing = 0;
		};
/* End PBXResourcesBuildPhase section */

/* Begin PBXSourcesBuildPhase section */
		523A329A2946078A0053D656 /* Sources */ = {
			isa = PBXSourcesBuildPhase;
			buildActionMask = 2147483647;
			files = (
				523A32A42946078A0053D656 /* ContentView.swift in Sources */,
				523A32A22946078A0053D656 /* thank_you_pageApp.swift in Sources */,
				523A32CC2947497F0053D656 /* DD.swift in Sources */,
			);
			runOnlyForDeploymentPostprocessing = 0;
		};
		523A32AA2946078B0053D656 /* Sources */ = {
			isa = PBXSourcesBuildPhase;
			buildActionMask = 2147483647;
			files = (
				523A32B32946078B0053D656 /* thank_you_pageTests.swift in Sources */,
			);
			runOnlyForDeploymentPostprocessing = 0;
		};
		523A32B42946078B0053D656 /* Sources */ = {
			isa = PBXSourcesBuildPhase;
			buildActionMask = 2147483647;
			files = (
				523A32BF2946078B0053D656 /* thank_you_pageUITestsLaunchTests.swift in Sources */,
				523A32BD2946078B0053D656 /* thank_you_pageUITests.swift in Sources */,
			);
			runOnlyForDeploymentPostprocessing = 0;
		};
/* End PBXSourcesBuildPhase section */

/* Begin PBXTargetDependency section */
		523A32B02946078B0053D656 /* PBXTargetDependency */ = {
			isa = PBXTargetDependency;
			target = 523A329D2946078A0053D656 /* thank you page */;
			targetProxy = 523A32AF2946078B0053D656 /* PBXContainerItemProxy */;
		};
		523A32BA2946078B0053D656 /* PBXTargetDependency */ = {
			isa = PBXTargetDependency;
			target = 523A329D2946078A0053D656 /* thank you page */;
			targetProxy = 523A32B92946078B0053D656 /* PBXContainerItemProxy */;
		};
/* End PBXTargetDependency section */

/* Begin XCBuildConfiguration section */
		523A32C02946078B0053D656 /* Debug */ = {
			isa = XCBuildConfiguration;
			buildSettings = {
				ALWAYS_SEARCH_USER_PATHS = NO;
				CLANG_ANALYZER_NONNULL = YES;
				CLANG_ANALYZER_NUMBER_OBJECT_CONVERSION = YES_AGGRESSIVE;
				CLANG_CXX_LANGUAGE_STANDARD = "gnu++20";
				CLANG_ENABLE_MODULES = YES;
				CLANG_ENABLE_OBJC_ARC = YES;
				CLANG_ENABLE_OBJC_WEAK = YES;
				CLANG_WARN_BLOCK_CAPTURE_AUTORELEASING = YES;
				CLANG_WARN_BOOL_CONVERSION = YES;
				CLANG_WARN_COMMA = YES;
				CLANG_WARN_CONSTANT_CONVERSION = YES;
				CLANG_WARN_DEPRECATED_OBJC_IMPLEMENTATIONS = YES;
				CLANG_WARN_DIRECT_OBJC_ISA_USAGE = YES_ERROR;
				CLANG_WARN_DOCUMENTATION_COMMENTS = YES;
				CLANG_WARN_EMPTY_BODY = YES;
				CLANG_WARN_ENUM_CONVERSION = YES;
				CLANG_WARN_INFINITE_RECURSION = YES;
				CLANG_WARN_INT_CONVERSION = YES;
				CLANG_WARN_NON_LITERAL_NULL_CONVERSION = YES;
				CLANG_WARN_OBJC_IMPLICIT_RETAIN_SELF = YES;
				CLANG_WARN_OBJC_LITERAL_CONVERSION = YES;
				CLANG_WARN_OBJC_ROOT_CLASS = YES_ERROR;
				CLANG_WARN_QUOTED_INCLUDE_IN_FRAMEWORK_HEADER = YES;
				CLANG_WARN_RANGE_LOOP_ANALYSIS = YES;
				CLANG_WARN_STRICT_PROTOTYPES = YES;
				CLANG_WARN_SUSPICIOUS_MOVE = YES;
				CLANG_WARN_UNGUARDED_AVAILABILITY = YES_AGGRESSIVE;
				CLANG_WARN_UNREACHABLE_CODE = YES;
				CLANG_WARN__DUPLICATE_METHOD_MATCH = YES;
				COPY_PHASE_STRIP = NO;
				DEBUG_INFORMATION_FORMAT = dwarf;
				ENABLE_STRICT_OBJC_MSGSEND = YES;
				ENABLE_TESTABILITY = YES;
				GCC_C_LANGUAGE_STANDARD = gnu11;
				GCC_DYNAMIC_NO_PIC = NO;
				GCC_NO_COMMON_BLOCKS = YES;
				GCC_OPTIMIZATION_LEVEL = 0;
				GCC_PREPROCESSOR_DEFINITIONS = (
					"DEBUG=1",
					"$(inherited)",
				);
				GCC_WARN_64_TO_32_BIT_CONVERSION = YES;
				GCC_WARN_ABOUT_RETURN_TYPE = YES_ERROR;
				GCC_WARN_UNDECLARED_SELECTOR = YES;
				GCC_WARN_UNINITIALIZED_AUTOS = YES_AGGRESSIVE;
				GCC_WARN_UNUSED_FUNCTION = YES;
				GCC_WARN_UNUSED_VARIABLE = YES;
				IPHONEOS_DEPLOYMENT_TARGET = 16.1;
				MTL_ENABLE_DEBUG_INFO = INCLUDE_SOURCE;
				MTL_FAST_MATH = YES;
				ONLY_ACTIVE_ARCH = YES;
				SDKROOT = iphoneos;
				SWIFT_ACTIVE_COMPILATION_CONDITIONS = DEBUG;
				SWIFT_OPTIMIZATION_LEVEL = "-Onone";
			};
			name = Debug;
		};
		523A32C12946078B0053D656 /* Release */ = {
			isa = XCBuildConfiguration;
			buildSettings = {
				ALWAYS_SEARCH_USER_PATHS = NO;
				CLANG_ANALYZER_NONNULL = YES;
				CLANG_ANALYZER_NUMBER_OBJECT_CONVERSION = YES_AGGRESSIVE;
				CLANG_CXX_LANGUAGE_STANDARD = "gnu++20";
				CLANG_ENABLE_MODULES = YES;
				CLANG_ENABLE_OBJC_ARC = YES;
				CLANG_ENABLE_OBJC_WEAK = YES;
				CLANG_WARN_BLOCK_CAPTURE_AUTORELEASING = YES;
				CLANG_WARN_BOOL_CONVERSION = YES;
				CLANG_WARN_COMMA = YES;
				CLANG_WARN_CONSTANT_CONVERSION = YES;
				CLANG_WARN_DEPRECATED_OBJC_IMPLEMENTATIONS = YES;
				CLANG_WARN_DIRECT_OBJC_ISA_USAGE = YES_ERROR;
				CLANG_WARN_DOCUMENTATION_COMMENTS = YES;
				CLANG_WARN_EMPTY_BODY = YES;
				CLANG_WARN_ENUM_CONVERSION = YES;
				CLANG_WARN_INFINITE_RECURSION = YES;
				CLANG_WARN_INT_CONVERSION = YES;
				CLANG_WARN_NON_LITERAL_NULL_CONVERSION = YES;
				CLANG_WARN_OBJC_IMPLICIT_RETAIN_SELF = YES;
				CLANG_WARN_OBJC_LITERAL_CONVERSION = YES;
				CLANG_WARN_OBJC_ROOT_CLASS = YES_ERROR;
				CLANG_WARN_QUOTED_INCLUDE_IN_FRAMEWORK_HEADER = YES;
				CLANG_WARN_RANGE_LOOP_ANALYSIS = YES;
				CLANG_WARN_STRICT_PROTOTYPES = YES;
				CLANG_WARN_SUSPICIOUS_MOVE = YES;
				CLANG_WARN_UNGUARDED_AVAILABILITY = YES_AGGRESSIVE;
				CLANG_WARN_UNREACHABLE_CODE = YES;
				CLANG_WARN__DUPLICATE_METHOD_MATCH = YES;
				COPY_PHASE_STRIP = NO;
				DEBUG_INFORMATION_FORMAT = "dwarf-with-dsym";
				ENABLE_NS_ASSERTIONS = NO;
				ENABLE_STRICT_OBJC_MSGSEND = YES;
				GCC_C_LANGUAGE_STANDARD = gnu11;
				GCC_NO_COMMON_BLOCKS = YES;
				GCC_WARN_64_TO_32_BIT_CONVERSION = YES;
				GCC_WARN_ABOUT_RETURN_TYPE = YES_ERROR;
				GCC_WARN_UNDECLARED_SELECTOR = YES;
				GCC_WARN_UNINITIALIZED_AUTOS = YES_AGGRESSIVE;
				GCC_WARN_UNUSED_FUNCTION = YES;
				GCC_WARN_UNUSED_VARIABLE = YES;
				IPHONEOS_DEPLOYMENT_TARGET = 16.1;
				MTL_ENABLE_DEBUG_INFO = NO;
				MTL_FAST_MATH = YES;
				SDKROOT = iphoneos;
				SWIFT_COMPILATION_MODE = wholemodule;
				SWIFT_OPTIMIZATION_LEVEL = "-O";
				VALIDATE_PRODUCT = YES;
			};
			name = Release;
		};
		523A32C32946078B0053D656 /* Debug */ = {
			isa = XCBuildConfiguration;
			buildSettings = {
				ASSETCATALOG_COMPILER_APPICON_NAME = AppIcon;
				ASSETCATALOG_COMPILER_GLOBAL_ACCENT_COLOR_NAME = AccentColor;
				CODE_SIGN_STYLE = Automatic;
				CURRENT_PROJECT_VERSION = 1;
				DEVELOPMENT_ASSET_PATHS = "\"thank you page/Preview Content\"";
				ENABLE_PREVIEWS = YES;
				GENERATE_INFOPLIST_FILE = YES;
				INFOPLIST_KEY_UIApplicationSceneManifest_Generation = YES;
				INFOPLIST_KEY_UIApplicationSupportsIndirectInputEvents = YES;
				INFOPLIST_KEY_UILaunchScreen_Generation = YES;
				INFOPLIST_KEY_UISupportedInterfaceOrientations_iPad = "UIInterfaceOrientationPortrait UIInterfaceOrientationPortraitUpsideDown UIInterfaceOrientationLandscapeLeft UIInterfaceOrientationLandscapeRight";
				INFOPLIST_KEY_UISupportedInterfaceOrientations_iPhone = "UIInterfaceOrientationPortrait UIInterfaceOrientationLandscapeLeft UIInterfaceOrientationLandscapeRight";
				LD_RUNPATH_SEARCH_PATHS = (
					"$(inherited)",
					"@executable_path/Frameworks",
				);
				MARKETING_VERSION = 1.0;
				PRODUCT_BUNDLE_IDENTIFIER = "tasneem.thank-you-page";
				PRODUCT_NAME = "$(TARGET_NAME)";
				SWIFT_EMIT_LOC_STRINGS = YES;
				SWIFT_VERSION = 5.0;
				TARGETED_DEVICE_FAMILY = "1,2";
			};
			name = Debug;
		};
		523A32C42946078B0053D656 /* Release */ = {
			isa = XCBuildConfiguration;
			buildSettings = {
				ASSETCATALOG_COMPILER_APPICON_NAME = AppIcon;
				ASSETCATALOG_COMPILER_GLOBAL_ACCENT_COLOR_NAME = AccentColor;
				CODE_SIGN_STYLE = Automatic;
				CURRENT_PROJECT_VERSION = 1;
				DEVELOPMENT_ASSET_PATHS = "\"thank you page/Preview Content\"";
				ENABLE_PREVIEWS = YES;
				GENERATE_INFOPLIST_FILE = YES;
				INFOPLIST_KEY_UIApplicationSceneManifest_Generation = YES;
				INFOPLIST_KEY_UIApplicationSupportsIndirectInputEvents = YES;
				INFOPLIST_KEY_UILaunchScreen_Generation = YES;
				INFOPLIST_KEY_UISupportedInterfaceOrientations_iPad = "UIInterfaceOrientationPortrait UIInterfaceOrientationPortraitUpsideDown UIInterfaceOrientationLandscapeLeft UIInterfaceOrientationLandscapeRight";
				INFOPLIST_KEY_UISupportedInterfaceOrientations_iPhone = "UIInterfaceOrientationPortrait UIInterfaceOrientationLandscapeLeft UIInterfaceOrientationLandscapeRight";
				LD_RUNPATH_SEARCH_PATHS = (
					"$(inherited)",
					"@executable_path/Frameworks",
				);
				MARKETING_VERSION = 1.0;
				PRODUCT_BUNDLE_IDENTIFIER = "tasneem.thank-you-page";
				PRODUCT_NAME = "$(TARGET_NAME)";
				SWIFT_EMIT_LOC_STRINGS = YES;
				SWIFT_VERSION = 5.0;
				TARGETED_DEVICE_FAMILY = "1,2";
			};
			name = Release;
		};
		523A32C62946078B0053D656 /* Debug */ = {
			isa = XCBuildConfiguration;
			buildSettings = {
				ALWAYS_EMBED_SWIFT_STANDARD_LIBRARIES = YES;
				BUNDLE_LOADER = "$(TEST_HOST)";
				CODE_SIGN_STYLE = Automatic;
				CURRENT_PROJECT_VERSION = 1;
				GENERATE_INFOPLIST_FILE = YES;
				IPHONEOS_DEPLOYMENT_TARGET = 16.1;
				MARKETING_VERSION = 1.0;
				PRODUCT_BUNDLE_IDENTIFIER = "tasneem.thank-you-pageTests";
				PRODUCT_NAME = "$(TARGET_NAME)";
				SWIFT_EMIT_LOC_STRINGS = NO;
				SWIFT_VERSION = 5.0;
				TARGETED_DEVICE_FAMILY = "1,2";
				TEST_HOST = "$(BUILT_PRODUCTS_DIR)/thank you page.app/$(BUNDLE_EXECUTABLE_FOLDER_PATH)/thank you page";
			};
			name = Debug;
		};
		523A32C72946078B0053D656 /* Release */ = {
			isa = XCBuildConfiguration;
			buildSettings = {
				ALWAYS_EMBED_SWIFT_STANDARD_LIBRARIES = YES;
				BUNDLE_LOADER = "$(TEST_HOST)";
				CODE_SIGN_STYLE = Automatic;
				CURRENT_PROJECT_VERSION = 1;
				GENERATE_INFOPLIST_FILE = YES;
				IPHONEOS_DEPLOYMENT_TARGET = 16.1;
				MARKETING_VERSION = 1.0;
				PRODUCT_BUNDLE_IDENTIFIER = "tasneem.thank-you-pageTests";
				PRODUCT_NAME = "$(TARGET_NAME)";
				SWIFT_EMIT_LOC_STRINGS = NO;
				SWIFT_VERSION = 5.0;
				TARGETED_DEVICE_FAMILY = "1,2";
				TEST_HOST = "$(BUILT_PRODUCTS_DIR)/thank you page.app/$(BUNDLE_EXECUTABLE_FOLDER_PATH)/thank you page";
			};
			name = Release;
		};
		523A32C92946078B0053D656 /* Debug */ = {
			isa = XCBuildConfiguration;
			buildSettings = {
				ALWAYS_EMBED_SWIFT_STANDARD_LIBRARIES = YES;
				CODE_SIGN_STYLE = Automatic;
				CURRENT_PROJECT_VERSION = 1;
				GENERATE_INFOPLIST_FILE = YES;
				MARKETING_VERSION = 1.0;
				PRODUCT_BUNDLE_IDENTIFIER = "tasneem.thank-you-pageUITests";
				PRODUCT_NAME = "$(TARGET_NAME)";
				SWIFT_EMIT_LOC_STRINGS = NO;
				SWIFT_VERSION = 5.0;
				TARGETED_DEVICE_FAMILY = "1,2";
				TEST_TARGET_NAME = "thank you page";
			};
			name = Debug;
		};
		523A32CA2946078B0053D656 /* Release */ = {
			isa = XCBuildConfiguration;
			buildSettings = {
				ALWAYS_EMBED_SWIFT_STANDARD_LIBRARIES = YES;
				CODE_SIGN_STYLE = Automatic;
				CURRENT_PROJECT_VERSION = 1;
				GENERATE_INFOPLIST_FILE = YES;
				MARKETING_VERSION = 1.0;
				PRODUCT_BUNDLE_IDENTIFIER = "tasneem.thank-you-pageUITests";
				PRODUCT_NAME = "$(TARGET_NAME)";
				SWIFT_EMIT_LOC_STRINGS = NO;
				SWIFT_VERSION = 5.0;
				TARGETED_DEVICE_FAMILY = "1,2";
				TEST_TARGET_NAME = "thank you page";
			};
			name = Release;
		};
/* End XCBuildConfiguration section */

/* Begin XCConfigurationList section */
		523A32992946078A0053D656 /* Build configuration list for PBXProject "thank you page" */ = {
			isa = XCConfigurationList;
			buildConfigurations = (
				523A32C02946078B0053D656 /* Debug */,
				523A32C12946078B0053D656 /* Release */,
			);
			defaultConfigurationIsVisible = 0;
			defaultConfigurationName = Release;
		};
		523A32C22946078B0053D656 /* Build configuration list for PBXNativeTarget "thank you page" */ = {
			isa = XCConfigurationList;
			buildConfigurations = (
				523A32C32946078B0053D656 /* Debug */,
				523A32C42946078B0053D656 /* Release */,
			);
			defaultConfigurationIsVisible = 0;
			defaultConfigurationName = Release;
		};
		523A32C52946078B0053D656 /* Build configuration list for PBXNativeTarget "thank you pageTests" */ = {
			isa = XCConfigurationList;
			buildConfigurations = (
				523A32C62946078B0053D656 /* Debug */,
				523A32C72946078B0053D656 /* Release */,
			);
			defaultConfigurationIsVisible = 0;
			defaultConfigurationName = Release;
		};
		523A32C82946078B0053D656 /* Build configuration list for PBXNativeTarget "thank you pageUITests" */ = {
			isa = XCConfigurationList;
			buildConfigurations = (
				523A32C92946078B0053D656 /* Debug */,
				523A32CA2946078B0053D656 /* Release */,
			);
			defaultConfigurationIsVisible = 0;
			defaultConfigurationName = Release;
		};
/* End XCConfigurationList section */
	};
	rootObject = 523A32962946078A0053D656 /* Project object */;
}
